
Microsoft Visual Studio Solution File, Format Version 12.00
# Visual Studio Version 17
VisualStudioVersion = 17.9.34728.123
MinimumVisualStudioVersion = 10.0.40219.1
Project("{FAE04EC0-301F-11D3-BF4B-00C04F79EFBC}") = "ZI_PROJ", "ZI_PROJ\ZI_PROJ.csproj", "{79CF44A2-CC71-4756-862B-2F3648EEA337}"
EndProject
Global
	GlobalSection(SolutionConfigurationPlatforms) = preSolution
		Debug|Any CPU = Debug|Any CPU
		Release|Any CPU = Release|Any CPU
	EndGlobalSection
	GlobalSection(ProjectConfigurationPlatforms) = postSolution
		{79CF44A2-CC71-4756-862B-2F3648EEA337}.Debug|Any CPU.ActiveCfg = Debug|Any CPU
		{79CF44A2-CC71-4756-862B-2F3648EEA337}.Debug|Any CPU.Build.0 = Debug|Any CPU
		{79CF44A2-CC71-4756-862B-2F3648EEA337}.Release|Any CPU.ActiveCfg = Release|Any CPU
		{79CF44A2-CC71-4756-862B-2F3648EEA337}.Release|Any CPU.Build.0 = Release|Any CPU
	EndGlobalSection
	GlobalSection(SolutionProperties) = preSolution
		HideSolutionNode = FALSE
	EndGlobalSection
	GlobalSection(ExtensibilityGlobals) = postSolution
		SolutionGuid = {6FECA7D0-CA62-45FC-BC88-315583C77028}
	EndGlobalSection
EndGlobal
